
Microsoft Visual Studio Solution File, Format Version 12.00
# Visual Studio Version 16
VisualStudioVersion = 16.0.29519.181
MinimumVisualStudioVersion = 10.0.40219.1
Project("{FAE04EC0-301F-11D3-BF4B-00C04F79EFBC}") = "UnsafeCodes", "UnsafeCodes\UnsafeCodes.csproj", "{4B34B54D-CAD9-448C-9BE6-249DCC7B5B96}"
EndProject
Global
	GlobalSection(SolutionConfigurationPlatforms) = preSolution
		Debug|Any CPU = Debug|Any CPU
		Release|Any CPU = Release|Any CPU
	EndGlobalSection
	GlobalSection(ProjectConfigurationPlatforms) = postSolution
		{4B34B54D-CAD9-448C-9BE6-249DCC7B5B96}.Debug|Any CPU.ActiveCfg = Debug|Any CPU
		{4B34B54D-CAD9-448C-9BE6-249DCC7B5B96}.Debug|Any CPU.Build.0 = Debug|Any CPU
		{4B34B54D-CAD9-448C-9BE6-249DCC7B5B96}.Release|Any CPU.ActiveCfg = Release|Any CPU
		{4B34B54D-CAD9-448C-9BE6-249DCC7B5B96}.Release|Any CPU.Build.0 = Release|Any CPU
	EndGlobalSection
	GlobalSection(SolutionProperties) = preSolution
		HideSolutionNode = FALSE
	EndGlobalSection
	GlobalSection(ExtensibilityGlobals) = postSolution
		SolutionGuid = {D5966DF1-7DC9-40C5-9CBC-38946F24F6A5}
	EndGlobalSection
EndGlobal
